
Microsoft Visual Studio Solution File, Format Version 12.00
# Visual Studio 14
VisualStudioVersion = 14.0.25420.1
MinimumVisualStudioVersion = 10.0.40219.1
Project("{FAE04EC0-301F-11D3-BF4B-00C04F79EFBC}") = "Orckestra.Social.Facebook.LikeButton", "Orckestra.Social.Facebook.LikeButton\Orckestra.Social.Facebook.LikeButton.csproj", "{FBF6B86F-1AE7-4C11-86EB-30CB70C4E27C}"
EndProject
Global
	GlobalSection(SolutionConfigurationPlatforms) = preSolution
		Debug|Any CPU = Debug|Any CPU
		Release|Any CPU = Release|Any CPU
	EndGlobalSection
	GlobalSection(ProjectConfigurationPlatforms) = postSolution
		{FBF6B86F-1AE7-4C11-86EB-30CB70C4E27C}.Debug|Any CPU.ActiveCfg = Debug|Any CPU
		{FBF6B86F-1AE7-4C11-86EB-30CB70C4E27C}.Debug|Any CPU.Build.0 = Debug|Any CPU
		{FBF6B86F-1AE7-4C11-86EB-30CB70C4E27C}.Release|Any CPU.ActiveCfg = Release|Any CPU
		{FBF6B86F-1AE7-4C11-86EB-30CB70C4E27C}.Release|Any CPU.Build.0 = Release|Any CPU
	EndGlobalSection
	GlobalSection(SolutionProperties) = preSolution
		HideSolutionNode = FALSE
	EndGlobalSection
EndGlobal
