
Microsoft Visual Studio Solution File, Format Version 12.00
# Visual Studio 2012
Project("{FAE04EC0-301F-11D3-BF4B-00C04F79EFBC}") = "Orckestra.Web.Html.BootstrapCarousel", "Orckestra.Web.Html.BootstrapCarousel\Orckestra.Web.Html.BootstrapCarousel.csproj", "{3EEB9D6F-A69D-4E88-A1CF-04A168A821E2}"
EndProject
Global
	GlobalSection(TeamFoundationVersionControl) = preSolution
		SccNumberOfProjects = 2
		SccEnterpriseProvider = {4CA58AB2-18FA-4F8D-95D4-32DDF27D184C}
		SccTeamFoundationServer = http://core03:8080/tfs/compositecore03
		SccLocalPath0 = .
		SccProjectUniqueName1 = Orckestra.Web.Html.BootstrapCarousel\\Orckestra.Web.Html.BootstrapCarousel.csproj
		SccProjectName1 = Orckestra.Web.Html.BootstrapCarousel
		SccLocalPath1 = Orckestra.Web.Html.BootstrapCarousel
	EndGlobalSection
	GlobalSection(SolutionConfigurationPlatforms) = preSolution
		Debug|Any CPU = Debug|Any CPU
		Release|Any CPU = Release|Any CPU
	EndGlobalSection
	GlobalSection(ProjectConfigurationPlatforms) = postSolution
		{3EEB9D6F-A69D-4E88-A1CF-04A168A821E2}.Debug|Any CPU.ActiveCfg = Debug|Any CPU
		{3EEB9D6F-A69D-4E88-A1CF-04A168A821E2}.Debug|Any CPU.Build.0 = Debug|Any CPU
		{3EEB9D6F-A69D-4E88-A1CF-04A168A821E2}.Release|Any CPU.ActiveCfg = Release|Any CPU
		{3EEB9D6F-A69D-4E88-A1CF-04A168A821E2}.Release|Any CPU.Build.0 = Release|Any CPU
	EndGlobalSection
	GlobalSection(SolutionProperties) = preSolution
		HideSolutionNode = FALSE
	EndGlobalSection
EndGlobal
