
Microsoft Visual Studio Solution File, Format Version 12.00
# Visual Studio 2013
VisualStudioVersion = 12.0.31101.0
MinimumVisualStudioVersion = 10.0.40219.1
Project("{FAE04EC0-301F-11D3-BF4B-00C04F79EFBC}") = "Composite.Tools.DataStoreMigrator", "Composite.Tools.DataStoreMigrator\Composite.Tools.DataStoreMigrator.csproj", "{F919D17D-13BB-4209-BA47-E5B33152F71E}"
EndProject
Global
	GlobalSection(TeamFoundationVersionControl) = preSolution
		SccNumberOfProjects = 2
		SccEnterpriseProvider = {4CA58AB2-18FA-4F8D-95D4-32DDF27D184C}
		SccTeamFoundationServer = http://core03:8080/tfs/compositecore03
		SccLocalPath0 = .
		SccProjectUniqueName1 = Composite.Tools.DataStoreMigrator\\Composite.Tools.DataStoreMigrator.csproj
		SccProjectName1 = Composite.Tools.DataStoreMigrator
		SccLocalPath1 = Composite.Tools.DataStoreMigrator
	EndGlobalSection
	GlobalSection(SolutionConfigurationPlatforms) = preSolution
		Debug|Any CPU = Debug|Any CPU
		Release|Any CPU = Release|Any CPU
	EndGlobalSection
	GlobalSection(ProjectConfigurationPlatforms) = postSolution
		{F919D17D-13BB-4209-BA47-E5B33152F71E}.Debug|Any CPU.ActiveCfg = Debug|Any CPU
		{F919D17D-13BB-4209-BA47-E5B33152F71E}.Debug|Any CPU.Build.0 = Debug|Any CPU
		{F919D17D-13BB-4209-BA47-E5B33152F71E}.Release|Any CPU.ActiveCfg = Release|Any CPU
		{F919D17D-13BB-4209-BA47-E5B33152F71E}.Release|Any CPU.Build.0 = Release|Any CPU
	EndGlobalSection
	GlobalSection(SolutionProperties) = preSolution
		HideSolutionNode = FALSE
	EndGlobalSection
EndGlobal
