
Microsoft Visual Studio Solution File, Format Version 12.00
# Visual Studio 15
VisualStudioVersion = 15.0.26430.13
MinimumVisualStudioVersion = 10.0.40219.1
Project("{FAE04EC0-301F-11D3-BF4B-00C04F79EFBC}") = "Composite.Media.WordDocumentViewer.Package", "Composite.Media.WordDocumentViewer.Package\Composite.Media.WordDocumentViewer.Package.csproj", "{0615081A-142D-4597-B57D-DBDF77B6ACEB}"
	ProjectSection(ProjectDependencies) = postProject
		{82B8F48B-90AA-4F05-894E-BB1C896654F5} = {82B8F48B-90AA-4F05-894E-BB1C896654F5}
	EndProjectSection
EndProject
Project("{FAE04EC0-301F-11D3-BF4B-00C04F79EFBC}") = "Composite.Media.WordDocumentViewer", "Composite.Media.WordDocumentViewer\Composite.Media.WordDocumentViewer.csproj", "{82B8F48B-90AA-4F05-894E-BB1C896654F5}"
EndProject
Global
	GlobalSection(SolutionConfigurationPlatforms) = preSolution
		Debug|Any CPU = Debug|Any CPU
		Release|Any CPU = Release|Any CPU
	EndGlobalSection
	GlobalSection(ProjectConfigurationPlatforms) = postSolution
		{0615081A-142D-4597-B57D-DBDF77B6ACEB}.Debug|Any CPU.ActiveCfg = Debug|Any CPU
		{0615081A-142D-4597-B57D-DBDF77B6ACEB}.Debug|Any CPU.Build.0 = Debug|Any CPU
		{0615081A-142D-4597-B57D-DBDF77B6ACEB}.Release|Any CPU.ActiveCfg = Release|Any CPU
		{0615081A-142D-4597-B57D-DBDF77B6ACEB}.Release|Any CPU.Build.0 = Release|Any CPU
		{82B8F48B-90AA-4F05-894E-BB1C896654F5}.Debug|Any CPU.ActiveCfg = Debug|Any CPU
		{82B8F48B-90AA-4F05-894E-BB1C896654F5}.Debug|Any CPU.Build.0 = Debug|Any CPU
		{82B8F48B-90AA-4F05-894E-BB1C896654F5}.Release|Any CPU.ActiveCfg = Release|Any CPU
		{82B8F48B-90AA-4F05-894E-BB1C896654F5}.Release|Any CPU.Build.0 = Release|Any CPU
	EndGlobalSection
	GlobalSection(SolutionProperties) = preSolution
		HideSolutionNode = FALSE
	EndGlobalSection
EndGlobal
