
Microsoft Visual Studio Solution File, Format Version 11.00
# Visual Studio 2010
Project("{FAE04EC0-301F-11D3-BF4B-00C04F79EFBC}") = "Composite.Navigation.Path", "Composite.Navigation.Path\Composite.Navigation.Path.csproj", "{C16A1671-1A3A-4962-BB84-8E13CF3A1EE8}"
EndProject
Global
	GlobalSection(TeamFoundationVersionControl) = preSolution
		SccNumberOfProjects = 2
		SccEnterpriseProvider = {4CA58AB2-18FA-4F8D-95D4-32DDF27D184C}
		SccTeamFoundationServer = http://core03:8080/tfs/compositecore03
		SccLocalPath0 = .
		SccProjectUniqueName1 = Composite.Navigation.Path\\Composite.Navigation.Path.csproj
		SccProjectName1 = Composite.Navigation.Path
		SccLocalPath1 = Composite.Navigation.Path
	EndGlobalSection
	GlobalSection(SolutionConfigurationPlatforms) = preSolution
		Debug|Any CPU = Debug|Any CPU
		Release|Any CPU = Release|Any CPU
	EndGlobalSection
	GlobalSection(ProjectConfigurationPlatforms) = postSolution
		{C16A1671-1A3A-4962-BB84-8E13CF3A1EE8}.Debug|Any CPU.ActiveCfg = Debug|Any CPU
		{C16A1671-1A3A-4962-BB84-8E13CF3A1EE8}.Debug|Any CPU.Build.0 = Debug|Any CPU
		{C16A1671-1A3A-4962-BB84-8E13CF3A1EE8}.Release|Any CPU.ActiveCfg = Release|Any CPU
		{C16A1671-1A3A-4962-BB84-8E13CF3A1EE8}.Release|Any CPU.Build.0 = Release|Any CPU
	EndGlobalSection
	GlobalSection(SolutionProperties) = preSolution
		HideSolutionNode = FALSE
	EndGlobalSection
EndGlobal
