
Microsoft Visual Studio Solution File, Format Version 12.00
# Visual Studio Version 16
VisualStudioVersion = 16.0.31624.102
MinimumVisualStudioVersion = 10.0.40219.1
Project("{FAE04EC0-301F-11D3-BF4B-00C04F79EFBC}") = "Orckestra.Media.ImageFormats.WebP", "Orckestra.Media.ImageFormats.WebP\Orckestra.Media.ImageFormats.WebP.csproj", "{589CED74-1D1A-43DF-803B-74A74EA9EA39}"
EndProject
Project("{FAE04EC0-301F-11D3-BF4B-00C04F79EFBC}") = "Orckestra.Media.ImageFormats.WebP.Package", "Orckestra.Media.ImageFormats.WebP.Package\Orckestra.Media.ImageFormats.WebP.Package.csproj", "{0FCF94B7-E77E-4C08-861D-A0DC8DD213FB}"
EndProject
Global
	GlobalSection(SolutionConfigurationPlatforms) = preSolution
		Debug|Any CPU = Debug|Any CPU
		Release|Any CPU = Release|Any CPU
	EndGlobalSection
	GlobalSection(ProjectConfigurationPlatforms) = postSolution
		{589CED74-1D1A-43DF-803B-74A74EA9EA39}.Debug|Any CPU.ActiveCfg = Debug|Any CPU
		{589CED74-1D1A-43DF-803B-74A74EA9EA39}.Debug|Any CPU.Build.0 = Debug|Any CPU
		{589CED74-1D1A-43DF-803B-74A74EA9EA39}.Release|Any CPU.ActiveCfg = Release|Any CPU
		{589CED74-1D1A-43DF-803B-74A74EA9EA39}.Release|Any CPU.Build.0 = Release|Any CPU
		{0FCF94B7-E77E-4C08-861D-A0DC8DD213FB}.Debug|Any CPU.ActiveCfg = Debug|Any CPU
		{0FCF94B7-E77E-4C08-861D-A0DC8DD213FB}.Debug|Any CPU.Build.0 = Debug|Any CPU
		{0FCF94B7-E77E-4C08-861D-A0DC8DD213FB}.Release|Any CPU.ActiveCfg = Release|Any CPU
		{0FCF94B7-E77E-4C08-861D-A0DC8DD213FB}.Release|Any CPU.Build.0 = Release|Any CPU
	EndGlobalSection
	GlobalSection(SolutionProperties) = preSolution
		HideSolutionNode = FALSE
	EndGlobalSection
	GlobalSection(ExtensibilityGlobals) = postSolution
		SolutionGuid = {27D1975D-3356-466A-BDB8-7C5FBD8ED881}
	EndGlobalSection
EndGlobal
