
Microsoft Visual Studio Solution File, Format Version 11.00
# Visual Studio 2010
Project("{FAE04EC0-301F-11D3-BF4B-00C04F79EFBC}") = "Composite.Web.Html.Meta.OpenGraphProtocol", "Composite.Web.Html.Meta.OpenGraphProtocol.csproj", "{BDF829A8-21D7-4138-B2B4-1634EDD2976D}"
EndProject
Global
	GlobalSection(TeamFoundationVersionControl) = preSolution
		SccNumberOfProjects = 2
		SccEnterpriseProvider = {4CA58AB2-18FA-4F8D-95D4-32DDF27D184C}
		SccTeamFoundationServer = http://core03:8080/tfs/compositecore03
		SccLocalPath0 = .
		SccProjectUniqueName1 = Composite.Web.Html.Meta.OpenGraphProtocol.csproj
		SccLocalPath1 = .
	EndGlobalSection
	GlobalSection(SolutionConfigurationPlatforms) = preSolution
		Debug|Any CPU = Debug|Any CPU
		Release|Any CPU = Release|Any CPU
	EndGlobalSection
	GlobalSection(ProjectConfigurationPlatforms) = postSolution
		{BDF829A8-21D7-4138-B2B4-1634EDD2976D}.Debug|Any CPU.ActiveCfg = Debug|Any CPU
		{BDF829A8-21D7-4138-B2B4-1634EDD2976D}.Debug|Any CPU.Build.0 = Debug|Any CPU
		{BDF829A8-21D7-4138-B2B4-1634EDD2976D}.Release|Any CPU.ActiveCfg = Release|Any CPU
		{BDF829A8-21D7-4138-B2B4-1634EDD2976D}.Release|Any CPU.Build.0 = Release|Any CPU
	EndGlobalSection
	GlobalSection(SolutionProperties) = preSolution
		HideSolutionNode = FALSE
	EndGlobalSection
EndGlobal
