
Microsoft Visual Studio Solution File, Format Version 11.00
# Visual Studio 2010
Project("{FAE04EC0-301F-11D3-BF4B-00C04F79EFBC}") = "Composite.Community.Facebook.Comments", "Composite.Community.Facebook.Comments\Composite.Community.Facebook.Comments.csproj", "{4B2C8666-578F-448D-ABCE-A9D60070A160}"
EndProject
Global
	GlobalSection(TeamFoundationVersionControl) = preSolution
		SccNumberOfProjects = 2
		SccEnterpriseProvider = {4CA58AB2-18FA-4F8D-95D4-32DDF27D184C}
		SccTeamFoundationServer = http://core03:8080/tfs/compositecore03
		SccLocalPath0 = .
		SccProjectUniqueName1 = Composite.Community.Facebook.Comments\\Composite.Community.Facebook.Comments.csproj
		SccProjectName1 = Composite.Community.Facebook.Comments
		SccLocalPath1 = Composite.Community.Facebook.Comments
	EndGlobalSection
	GlobalSection(SolutionConfigurationPlatforms) = preSolution
		Debug|Any CPU = Debug|Any CPU
		Release|Any CPU = Release|Any CPU
	EndGlobalSection
	GlobalSection(ProjectConfigurationPlatforms) = postSolution
		{4B2C8666-578F-448D-ABCE-A9D60070A160}.Debug|Any CPU.ActiveCfg = Debug|Any CPU
		{4B2C8666-578F-448D-ABCE-A9D60070A160}.Debug|Any CPU.Build.0 = Debug|Any CPU
		{4B2C8666-578F-448D-ABCE-A9D60070A160}.Release|Any CPU.ActiveCfg = Release|Any CPU
		{4B2C8666-578F-448D-ABCE-A9D60070A160}.Release|Any CPU.Build.0 = Release|Any CPU
	EndGlobalSection
	GlobalSection(SolutionProperties) = preSolution
		HideSolutionNode = FALSE
	EndGlobalSection
EndGlobal
