
Microsoft Visual Studio Solution File, Format Version 11.00
# Visual Studio 2010
Project("{FAE04EC0-301F-11D3-BF4B-00C04F79EFBC}") = "Composite.Forms.FormSubmitHandler", "Composite.Forms.FormSubmitHandler\Composite.Forms.FormSubmitHandler.csproj", "{93894EC1-5072-4E5F-82EF-C0CAD4D3804F}"
EndProject
Project("{FAE04EC0-301F-11D3-BF4B-00C04F79EFBC}") = "Composite.Forms.FormSubmitHandler.Package", "Composite.Forms.FormSubmitHandler.Package\Composite.Forms.FormSubmitHandler.Package.csproj", "{97CC9D97-320C-44EA-BEB7-16F04B312558}"
EndProject
Global
	GlobalSection(TeamFoundationVersionControl) = preSolution
		SccNumberOfProjects = 3
		SccEnterpriseProvider = {4CA58AB2-18FA-4F8D-95D4-32DDF27D184C}
		SccTeamFoundationServer = http://core03:8080/tfs/compositecore03
		SccLocalPath0 = .
		SccProjectUniqueName1 = Composite.Forms.FormSubmitHandler\\Composite.Forms.FormSubmitHandler.csproj
		SccProjectName1 = Composite.Forms.FormSubmitHandler
		SccLocalPath1 = Composite.Forms.FormSubmitHandler
		SccProjectUniqueName2 = Composite.Forms.FormSubmitHandler.Package\\Composite.Forms.FormSubmitHandler.Package.csproj
		SccProjectName2 = Composite.Forms.FormSubmitHandler.Package
		SccLocalPath2 = Composite.Forms.FormSubmitHandler.Package
	EndGlobalSection
	GlobalSection(SolutionConfigurationPlatforms) = preSolution
		Debug|Any CPU = Debug|Any CPU
		Release|Any CPU = Release|Any CPU
	EndGlobalSection
	GlobalSection(ProjectConfigurationPlatforms) = postSolution
		{93894EC1-5072-4E5F-82EF-C0CAD4D3804F}.Debug|Any CPU.ActiveCfg = Debug|Any CPU
		{93894EC1-5072-4E5F-82EF-C0CAD4D3804F}.Debug|Any CPU.Build.0 = Debug|Any CPU
		{93894EC1-5072-4E5F-82EF-C0CAD4D3804F}.Release|Any CPU.ActiveCfg = Release|Any CPU
		{93894EC1-5072-4E5F-82EF-C0CAD4D3804F}.Release|Any CPU.Build.0 = Release|Any CPU
		{97CC9D97-320C-44EA-BEB7-16F04B312558}.Debug|Any CPU.ActiveCfg = Debug|Any CPU
		{97CC9D97-320C-44EA-BEB7-16F04B312558}.Debug|Any CPU.Build.0 = Debug|Any CPU
		{97CC9D97-320C-44EA-BEB7-16F04B312558}.Release|Any CPU.ActiveCfg = Release|Any CPU
		{97CC9D97-320C-44EA-BEB7-16F04B312558}.Release|Any CPU.Build.0 = Release|Any CPU
	EndGlobalSection
	GlobalSection(SolutionProperties) = preSolution
		HideSolutionNode = FALSE
	EndGlobalSection
EndGlobal
