
Microsoft Visual Studio Solution File, Format Version 11.00
# Visual Studio 2010
Project("{FAE04EC0-301F-11D3-BF4B-00C04F79EFBC}") = "Composite.Tools.AzureBlobVerifier", "Composite.Tools.AzureBlobVerifier\Composite.Tools.AzureBlobVerifier.csproj", "{5184CACC-7BE7-4033-9CD1-FCDC4466FABE}"
EndProject
Project("{FAE04EC0-301F-11D3-BF4B-00C04F79EFBC}") = "Composite.Tools.AzureBlobVerifier.Package", "Composite.Tools.AzureBlobVerifier.Package\Composite.Tools.AzureBlobVerifier.Package.csproj", "{1963C71E-E04F-43FA-96C8-E4817A21BEBD}"
EndProject
Global
	GlobalSection(TeamFoundationVersionControl) = preSolution
		SccNumberOfProjects = 3
		SccEnterpriseProvider = {4CA58AB2-18FA-4F8D-95D4-32DDF27D184C}
		SccTeamFoundationServer = http://core03:8080/tfs/compositecore03
		SccLocalPath0 = .
		SccProjectUniqueName1 = Composite.Tools.AzureBlobVerifier\\Composite.Tools.AzureBlobVerifier.csproj
		SccProjectName1 = Composite.Tools.AzureBlobVerifier
		SccLocalPath1 = Composite.Tools.AzureBlobVerifier
		SccProjectUniqueName2 = Composite.Tools.AzureBlobVerifier.Package\\Composite.Tools.AzureBlobVerifier.Package.csproj
		SccProjectName2 = Composite.Tools.AzureBlobVerifier.Package
		SccLocalPath2 = Composite.Tools.AzureBlobVerifier.Package
	EndGlobalSection
	GlobalSection(SolutionConfigurationPlatforms) = preSolution
		Debug|Any CPU = Debug|Any CPU
		Release|Any CPU = Release|Any CPU
	EndGlobalSection
	GlobalSection(ProjectConfigurationPlatforms) = postSolution
		{5184CACC-7BE7-4033-9CD1-FCDC4466FABE}.Debug|Any CPU.ActiveCfg = Debug|Any CPU
		{5184CACC-7BE7-4033-9CD1-FCDC4466FABE}.Debug|Any CPU.Build.0 = Debug|Any CPU
		{5184CACC-7BE7-4033-9CD1-FCDC4466FABE}.Release|Any CPU.ActiveCfg = Release|Any CPU
		{5184CACC-7BE7-4033-9CD1-FCDC4466FABE}.Release|Any CPU.Build.0 = Release|Any CPU
		{1963C71E-E04F-43FA-96C8-E4817A21BEBD}.Debug|Any CPU.ActiveCfg = Debug|Any CPU
		{1963C71E-E04F-43FA-96C8-E4817A21BEBD}.Debug|Any CPU.Build.0 = Debug|Any CPU
		{1963C71E-E04F-43FA-96C8-E4817A21BEBD}.Release|Any CPU.ActiveCfg = Release|Any CPU
		{1963C71E-E04F-43FA-96C8-E4817A21BEBD}.Release|Any CPU.Build.0 = Release|Any CPU
	EndGlobalSection
	GlobalSection(SolutionProperties) = preSolution
		HideSolutionNode = FALSE
	EndGlobalSection
EndGlobal
