
Microsoft Visual Studio Solution File, Format Version 12.00
# Visual Studio 14
VisualStudioVersion = 14.0.23107.0
MinimumVisualStudioVersion = 10.0.40219.1
Project("{FAE04EC0-301F-11D3-BF4B-00C04F79EFBC}") = "Composite.Community.Facebook.PagePlugin", "Composite.Community.Facebook.PagePlugin\Composite.Community.Facebook.PagePlugin.csproj", "{939EEB13-D5F4-41BD-BC5E-29F1A37B886B}"
EndProject
Global
	GlobalSection(SolutionConfigurationPlatforms) = preSolution
		Debug|Any CPU = Debug|Any CPU
		Release|Any CPU = Release|Any CPU
	EndGlobalSection
	GlobalSection(ProjectConfigurationPlatforms) = postSolution
		{939EEB13-D5F4-41BD-BC5E-29F1A37B886B}.Debug|Any CPU.ActiveCfg = Debug|Any CPU
		{939EEB13-D5F4-41BD-BC5E-29F1A37B886B}.Debug|Any CPU.Build.0 = Debug|Any CPU
		{939EEB13-D5F4-41BD-BC5E-29F1A37B886B}.Release|Any CPU.ActiveCfg = Release|Any CPU
		{939EEB13-D5F4-41BD-BC5E-29F1A37B886B}.Release|Any CPU.Build.0 = Release|Any CPU
	EndGlobalSection
	GlobalSection(SolutionProperties) = preSolution
		HideSolutionNode = FALSE
	EndGlobalSection
EndGlobal
