
Microsoft Visual Studio Solution File, Format Version 11.00
# Visual Studio 2010
Project("{FAE04EC0-301F-11D3-BF4B-00C04F79EFBC}") = "Composite.Localization.C1Console.Chinese", "Composite.Localization.C1Console.Chinese\Composite.Localization.C1Console.Chinese.csproj", "{D285567F-D93E-4C42-89CF-4F341391BADF}"
EndProject
Global
	GlobalSection(TeamFoundationVersionControl) = preSolution
		SccNumberOfProjects = 2
		SccEnterpriseProvider = {4CA58AB2-18FA-4F8D-95D4-32DDF27D184C}
		SccTeamFoundationServer = http://core03:8080/tfs/compositecore03
		SccLocalPath0 = .
		SccProjectUniqueName1 = Composite.Localization.C1Console.Chinese\\Composite.Localization.C1Console.Chinese.csproj
		SccProjectName1 = Composite.Localization.C1Console.Chinese
		SccLocalPath1 = Composite.Localization.C1Console.Chinese
	EndGlobalSection
	GlobalSection(SolutionConfigurationPlatforms) = preSolution
		Debug|Any CPU = Debug|Any CPU
		Release|Any CPU = Release|Any CPU
	EndGlobalSection
	GlobalSection(ProjectConfigurationPlatforms) = postSolution
		{D285567F-D93E-4C42-89CF-4F341391BADF}.Debug|Any CPU.ActiveCfg = Debug|Any CPU
		{D285567F-D93E-4C42-89CF-4F341391BADF}.Debug|Any CPU.Build.0 = Debug|Any CPU
		{D285567F-D93E-4C42-89CF-4F341391BADF}.Release|Any CPU.ActiveCfg = Release|Any CPU
		{D285567F-D93E-4C42-89CF-4F341391BADF}.Release|Any CPU.Build.0 = Release|Any CPU
	EndGlobalSection
	GlobalSection(SolutionProperties) = preSolution
		HideSolutionNode = FALSE
	EndGlobalSection
EndGlobal
