
Microsoft Visual Studio Solution File, Format Version 11.00
# Visual Studio 2010
Project("{FAE04EC0-301F-11D3-BF4B-00C04F79EFBC}") = "Composite.Localization.C1Console.Dutch", "Composite.LanguagePacks.Dutch\Composite.Localization.C1Console.Dutch.csproj", "{24BDAC0F-C4B3-4E2F-9847-A00DF6FC73DE}"
EndProject
Global
	GlobalSection(TeamFoundationVersionControl) = preSolution
		SccNumberOfProjects = 2
		SccEnterpriseProvider = {4CA58AB2-18FA-4F8D-95D4-32DDF27D184C}
		SccTeamFoundationServer = http://core03:8080/tfs/compositecore03
		SccProjectUniqueName0 = Composite.LanguagePacks.Dutch\\Composite.Localization.C1Console.Dutch.csproj
		SccProjectName0 = Composite.LanguagePacks.Dutch
		SccLocalPath0 = Composite.LanguagePacks.Dutch
		SccLocalPath1 = .
	EndGlobalSection
	GlobalSection(SolutionConfigurationPlatforms) = preSolution
		Debug|Any CPU = Debug|Any CPU
		Release|Any CPU = Release|Any CPU
	EndGlobalSection
	GlobalSection(ProjectConfigurationPlatforms) = postSolution
		{24BDAC0F-C4B3-4E2F-9847-A00DF6FC73DE}.Debug|Any CPU.ActiveCfg = Debug|Any CPU
		{24BDAC0F-C4B3-4E2F-9847-A00DF6FC73DE}.Debug|Any CPU.Build.0 = Debug|Any CPU
		{24BDAC0F-C4B3-4E2F-9847-A00DF6FC73DE}.Release|Any CPU.ActiveCfg = Release|Any CPU
		{24BDAC0F-C4B3-4E2F-9847-A00DF6FC73DE}.Release|Any CPU.Build.0 = Release|Any CPU
	EndGlobalSection
	GlobalSection(SolutionProperties) = preSolution
		HideSolutionNode = FALSE
	EndGlobalSection
EndGlobal
