
Microsoft Visual Studio Solution File, Format Version 11.00
# Visual Studio 2010
Project("{FAE04EC0-301F-11D3-BF4B-00C04F79EFBC}") = "Composite.Search.GoogleCustomSearch", "Composite.Search.GoogleCustomSearch\Composite.Search.GoogleCustomSearch.csproj", "{DA60DDBE-5674-492C-814C-503C1B030F83}"
EndProject
Global
	GlobalSection(TeamFoundationVersionControl) = preSolution
		SccNumberOfProjects = 2
		SccEnterpriseProvider = {4CA58AB2-18FA-4F8D-95D4-32DDF27D184C}
		SccTeamFoundationServer = http://core03:8080/tfs/compositecore03
		SccLocalPath0 = .
		SccProjectUniqueName1 = Composite.Search.GoogleCustomSearch\\Composite.Search.GoogleCustomSearch.csproj
		SccProjectName1 = Composite.Search.GoogleCustomSearch
		SccLocalPath1 = Composite.Search.GoogleCustomSearch
	EndGlobalSection
	GlobalSection(SolutionConfigurationPlatforms) = preSolution
		Debug|Any CPU = Debug|Any CPU
		Release|Any CPU = Release|Any CPU
	EndGlobalSection
	GlobalSection(ProjectConfigurationPlatforms) = postSolution
		{DA60DDBE-5674-492C-814C-503C1B030F83}.Debug|Any CPU.ActiveCfg = Debug|Any CPU
		{DA60DDBE-5674-492C-814C-503C1B030F83}.Debug|Any CPU.Build.0 = Debug|Any CPU
		{DA60DDBE-5674-492C-814C-503C1B030F83}.Release|Any CPU.ActiveCfg = Release|Any CPU
		{DA60DDBE-5674-492C-814C-503C1B030F83}.Release|Any CPU.Build.0 = Release|Any CPU
	EndGlobalSection
	GlobalSection(SolutionProperties) = preSolution
		HideSolutionNode = FALSE
	EndGlobalSection
EndGlobal
