
Microsoft Visual Studio Solution File, Format Version 12.00
# Visual Studio 2012
Project("{FAE04EC0-301F-11D3-BF4B-00C04F79EFBC}") = "Composite.Localization.C1Console.German", "Composite.Localization.C1Console.German\Composite.Localization.C1Console.German.csproj", "{04034AAE-B8AC-47CB-8B1C-854BA9FEDD7E}"
EndProject
Global
	GlobalSection(TeamFoundationVersionControl) = preSolution
		SccNumberOfProjects = 2
		SccEnterpriseProvider = {4CA58AB2-18FA-4F8D-95D4-32DDF27D184C}
		SccTeamFoundationServer = http://core03:8080/tfs/compositecore03
		SccLocalPath0 = .
		SccProjectUniqueName1 = Composite.Localization.C1Console.German\\Composite.Localization.C1Console.German.csproj
		SccProjectName1 = Composite.Localization.C1Console.German
		SccLocalPath1 = Composite.Localization.C1Console.German
	EndGlobalSection
	GlobalSection(SolutionConfigurationPlatforms) = preSolution
		Debug|Any CPU = Debug|Any CPU
		Release|Any CPU = Release|Any CPU
	EndGlobalSection
	GlobalSection(ProjectConfigurationPlatforms) = postSolution
		{04034AAE-B8AC-47CB-8B1C-854BA9FEDD7E}.Debug|Any CPU.ActiveCfg = Debug|Any CPU
		{04034AAE-B8AC-47CB-8B1C-854BA9FEDD7E}.Debug|Any CPU.Build.0 = Debug|Any CPU
		{04034AAE-B8AC-47CB-8B1C-854BA9FEDD7E}.Release|Any CPU.ActiveCfg = Release|Any CPU
		{04034AAE-B8AC-47CB-8B1C-854BA9FEDD7E}.Release|Any CPU.Build.0 = Release|Any CPU
	EndGlobalSection
	GlobalSection(SolutionProperties) = preSolution
		HideSolutionNode = FALSE
	EndGlobalSection
EndGlobal
