
Microsoft Visual Studio Solution File, Format Version 11.00
# Visual Studio 2010
Project("{FAE04EC0-301F-11D3-BF4B-00C04F79EFBC}") = "Composite.Navigation.LanguageSwitcher.Flags", "Composite.Navigation.LanguageSwitcher.Flags\Composite.Navigation.LanguageSwitcher.Flags.csproj", "{7192BB4D-A622-4929-94C0-357B011B33E3}"
EndProject
Global
	GlobalSection(TeamFoundationVersionControl) = preSolution
		SccNumberOfProjects = 2
		SccEnterpriseProvider = {4CA58AB2-18FA-4F8D-95D4-32DDF27D184C}
		SccTeamFoundationServer = http://core03:8080/tfs/compositecore03
		SccLocalPath0 = .
		SccProjectUniqueName1 = Composite.Navigation.LanguageSwitcher.Flags\\Composite.Navigation.LanguageSwitcher.Flags.csproj
		SccProjectName1 = Composite.Navigation.LanguageSwitcher.Flags
		SccLocalPath1 = Composite.Navigation.LanguageSwitcher.Flags
	EndGlobalSection
	GlobalSection(SolutionConfigurationPlatforms) = preSolution
		Debug|x86 = Debug|x86
		Release|x86 = Release|x86
	EndGlobalSection
	GlobalSection(ProjectConfigurationPlatforms) = postSolution
		{7192BB4D-A622-4929-94C0-357B011B33E3}.Debug|x86.ActiveCfg = Debug|x86
		{7192BB4D-A622-4929-94C0-357B011B33E3}.Debug|x86.Build.0 = Debug|x86
		{7192BB4D-A622-4929-94C0-357B011B33E3}.Release|x86.ActiveCfg = Release|x86
		{7192BB4D-A622-4929-94C0-357B011B33E3}.Release|x86.Build.0 = Release|x86
	EndGlobalSection
	GlobalSection(SolutionProperties) = preSolution
		HideSolutionNode = FALSE
	EndGlobalSection
EndGlobal
