
Microsoft Visual Studio Solution File, Format Version 12.00
# Visual Studio 2013
VisualStudioVersion = 12.0.21005.1
MinimumVisualStudioVersion = 10.0.40219.1
Project("{FAE04EC0-301F-11D3-BF4B-00C04F79EFBC}") = "Composite.Social.Instagram.Package", "Composite.Social.Instagram.Package\Composite.Social.Instagram.Package.csproj", "{5AE7C3BC-FE69-44E9-9E45-D2C22D9EF623}"
EndProject
Project("{FAE04EC0-301F-11D3-BF4B-00C04F79EFBC}") = "Composite.Social.Instagram", "Composite.Social.Instagram\Composite.Social.Instagram.csproj", "{936662C2-DE5F-4F69-89CF-64E8C8630A07}"
EndProject
Global
	GlobalSection(TeamFoundationVersionControl) = preSolution
		SccNumberOfProjects = 3
		SccEnterpriseProvider = {4CA58AB2-18FA-4F8D-95D4-32DDF27D184C}
		SccTeamFoundationServer = http://core03:8080/tfs/compositecore03
		SccLocalPath0 = .
		SccProjectUniqueName1 = Composite.Social.Instagram.Package\\Composite.Social.Instagram.Package.csproj
		SccProjectName1 = Composite.Social.Instagram.Package
		SccLocalPath1 = Composite.Social.Instagram.Package
		SccProjectUniqueName2 = Composite.Social.Instagram\\Composite.Social.Instagram.csproj
		SccProjectName2 = Composite.Social.Instagram
		SccLocalPath2 = Composite.Social.Instagram
	EndGlobalSection
	GlobalSection(SolutionConfigurationPlatforms) = preSolution
		Debug|Any CPU = Debug|Any CPU
		Release|Any CPU = Release|Any CPU
	EndGlobalSection
	GlobalSection(ProjectConfigurationPlatforms) = postSolution
		{5AE7C3BC-FE69-44E9-9E45-D2C22D9EF623}.Debug|Any CPU.ActiveCfg = Debug|Any CPU
		{5AE7C3BC-FE69-44E9-9E45-D2C22D9EF623}.Debug|Any CPU.Build.0 = Debug|Any CPU
		{5AE7C3BC-FE69-44E9-9E45-D2C22D9EF623}.Release|Any CPU.ActiveCfg = Release|Any CPU
		{5AE7C3BC-FE69-44E9-9E45-D2C22D9EF623}.Release|Any CPU.Build.0 = Release|Any CPU
		{936662C2-DE5F-4F69-89CF-64E8C8630A07}.Debug|Any CPU.ActiveCfg = Debug|Any CPU
		{936662C2-DE5F-4F69-89CF-64E8C8630A07}.Debug|Any CPU.Build.0 = Debug|Any CPU
		{936662C2-DE5F-4F69-89CF-64E8C8630A07}.Release|Any CPU.ActiveCfg = Release|Any CPU
		{936662C2-DE5F-4F69-89CF-64E8C8630A07}.Release|Any CPU.Build.0 = Release|Any CPU
	EndGlobalSection
	GlobalSection(SolutionProperties) = preSolution
		HideSolutionNode = FALSE
	EndGlobalSection
EndGlobal
