
Microsoft Visual Studio Solution File, Format Version 12.00
# Visual Studio 2013
VisualStudioVersion = 12.0.21005.1
MinimumVisualStudioVersion = 10.0.40219.1
Project("{FAE04EC0-301F-11D3-BF4B-00C04F79EFBC}") = "Composite.Media.YouTubeChannel.Package", "Composite.Media.YouTubeChannel.Package\Composite.Media.YouTubeChannel.Package.csproj", "{ECFCE263-982B-4542-81AF-43ED4A5F7CE0}"
EndProject
Project("{FAE04EC0-301F-11D3-BF4B-00C04F79EFBC}") = "Composite.Media.YouTubeChannel", "Composite.Media.YouTubeChannel\Composite.Media.YouTubeChannel.csproj", "{B749A612-2285-4E5A-B26D-0696E0286F66}"
EndProject
Global
	GlobalSection(TeamFoundationVersionControl) = preSolution
		SccNumberOfProjects = 3
		SccEnterpriseProvider = {4CA58AB2-18FA-4F8D-95D4-32DDF27D184C}
		SccTeamFoundationServer = http://core03:8080/tfs/compositecore03
		SccLocalPath0 = .
		SccProjectUniqueName1 = Composite.Media.YouTubeChannel.Package\\Composite.Media.YouTubeChannel.Package.csproj
		SccProjectName1 = Composite.Media.YouTubeChannel.Package
		SccLocalPath1 = Composite.Media.YouTubeChannel.Package
		SccProjectUniqueName2 = Composite.Media.YouTubeChannel\\Composite.Media.YouTubeChannel.csproj
		SccProjectName2 = Composite.Media.YouTubeChannel
		SccLocalPath2 = Composite.Media.YouTubeChannel
	EndGlobalSection
	GlobalSection(SolutionConfigurationPlatforms) = preSolution
		Debug|Any CPU = Debug|Any CPU
		Release|Any CPU = Release|Any CPU
	EndGlobalSection
	GlobalSection(ProjectConfigurationPlatforms) = postSolution
		{ECFCE263-982B-4542-81AF-43ED4A5F7CE0}.Debug|Any CPU.ActiveCfg = Debug|Any CPU
		{ECFCE263-982B-4542-81AF-43ED4A5F7CE0}.Debug|Any CPU.Build.0 = Debug|Any CPU
		{ECFCE263-982B-4542-81AF-43ED4A5F7CE0}.Release|Any CPU.ActiveCfg = Release|Any CPU
		{ECFCE263-982B-4542-81AF-43ED4A5F7CE0}.Release|Any CPU.Build.0 = Release|Any CPU
		{B749A612-2285-4E5A-B26D-0696E0286F66}.Debug|Any CPU.ActiveCfg = Debug|Any CPU
		{B749A612-2285-4E5A-B26D-0696E0286F66}.Debug|Any CPU.Build.0 = Debug|Any CPU
		{B749A612-2285-4E5A-B26D-0696E0286F66}.Release|Any CPU.ActiveCfg = Release|Any CPU
		{B749A612-2285-4E5A-B26D-0696E0286F66}.Release|Any CPU.Build.0 = Release|Any CPU
	EndGlobalSection
	GlobalSection(SolutionProperties) = preSolution
		HideSolutionNode = FALSE
	EndGlobalSection
EndGlobal
