
Microsoft Visual Studio Solution File, Format Version 11.00
# Visual Studio 2010
Project("{FAE04EC0-301F-11D3-BF4B-00C04F79EFBC}") = "Composite.Tools.SqlStatementLogging", "Composite.Tools.SqlStatementLogging\Composite.Tools.SqlStatementLogging.csproj", "{208C5CCE-D9D2-4E12-A7ED-168730036B73}"
EndProject
Global
	GlobalSection(TeamFoundationVersionControl) = preSolution
		SccNumberOfProjects = 2
		SccEnterpriseProvider = {4CA58AB2-18FA-4F8D-95D4-32DDF27D184C}
		SccTeamFoundationServer = http://core03:8080/tfs/compositecore03
		SccLocalPath0 = .
		SccProjectUniqueName1 = Composite.Tools.SqlStatementLogging\\Composite.Tools.SqlStatementLogging.csproj
		SccProjectName1 = Composite.Tools.SqlStatementLogging
		SccLocalPath1 = Composite.Tools.SqlStatementLogging
	EndGlobalSection
	GlobalSection(SolutionConfigurationPlatforms) = preSolution
		Debug|Any CPU = Debug|Any CPU
		Release|Any CPU = Release|Any CPU
	EndGlobalSection
	GlobalSection(ProjectConfigurationPlatforms) = postSolution
		{208C5CCE-D9D2-4E12-A7ED-168730036B73}.Debug|Any CPU.ActiveCfg = Debug|Any CPU
		{208C5CCE-D9D2-4E12-A7ED-168730036B73}.Debug|Any CPU.Build.0 = Debug|Any CPU
		{208C5CCE-D9D2-4E12-A7ED-168730036B73}.Release|Any CPU.ActiveCfg = Release|Any CPU
		{208C5CCE-D9D2-4E12-A7ED-168730036B73}.Release|Any CPU.Build.0 = Release|Any CPU
	EndGlobalSection
	GlobalSection(SolutionProperties) = preSolution
		HideSolutionNode = FALSE
	EndGlobalSection
EndGlobal
