
Microsoft Visual Studio Solution File, Format Version 12.00
# Visual Studio 2012
Project("{FAE04EC0-301F-11D3-BF4B-00C04F79EFBC}") = "Composite.Web.Config.Html5MimeTypes", "Composite.Web.Config.Html5MimeTypes\Composite.Web.Config.Html5MimeTypes.csproj", "{2270EA8D-A057-4CE2-B662-3785ADBD4720}"
EndProject
Global
	GlobalSection(TeamFoundationVersionControl) = preSolution
		SccNumberOfProjects = 2
		SccEnterpriseProvider = {4CA58AB2-18FA-4F8D-95D4-32DDF27D184C}
		SccTeamFoundationServer = http://core03:8080/tfs/compositecore03
		SccLocalPath0 = .
		SccProjectUniqueName1 = Composite.Web.Config.Html5MimeTypes\\Composite.Web.Config.Html5MimeTypes.csproj
		SccProjectName1 = Composite.Web.Config.Html5MimeTypes
		SccLocalPath1 = Composite.Web.Config.Html5MimeTypes
	EndGlobalSection
	GlobalSection(SolutionConfigurationPlatforms) = preSolution
		Debug|Any CPU = Debug|Any CPU
		Release|Any CPU = Release|Any CPU
	EndGlobalSection
	GlobalSection(ProjectConfigurationPlatforms) = postSolution
		{2270EA8D-A057-4CE2-B662-3785ADBD4720}.Debug|Any CPU.ActiveCfg = Debug|Any CPU
		{2270EA8D-A057-4CE2-B662-3785ADBD4720}.Debug|Any CPU.Build.0 = Debug|Any CPU
		{2270EA8D-A057-4CE2-B662-3785ADBD4720}.Release|Any CPU.ActiveCfg = Release|Any CPU
		{2270EA8D-A057-4CE2-B662-3785ADBD4720}.Release|Any CPU.Build.0 = Release|Any CPU
	EndGlobalSection
	GlobalSection(SolutionProperties) = preSolution
		HideSolutionNode = FALSE
	EndGlobalSection
EndGlobal
