
Microsoft Visual Studio Solution File, Format Version 11.00
# Visual Studio 2010
Project("{FAE04EC0-301F-11D3-BF4B-00C04F79EFBC}") = "Composite.Localization.MicrosoftTranslatorWidget", "Composite.Localization.MicrosoftTranslatorWidget\Composite.Localization.MicrosoftTranslatorWidget.csproj", "{8DB0FF14-4C37-4767-8080-689FC28E99A1}"
EndProject
Global
	GlobalSection(TeamFoundationVersionControl) = preSolution
		SccNumberOfProjects = 2
		SccEnterpriseProvider = {4CA58AB2-18FA-4F8D-95D4-32DDF27D184C}
		SccTeamFoundationServer = http://core03:8080/tfs/compositecore03
		SccLocalPath0 = .
		SccProjectUniqueName1 = Composite.Localization.MicrosoftTranslatorWidget\\Composite.Localization.MicrosoftTranslatorWidget.csproj
		SccProjectName1 = Composite.Localization.MicrosoftTranslatorWidget
		SccLocalPath1 = Composite.Localization.MicrosoftTranslatorWidget
	EndGlobalSection
	GlobalSection(SolutionConfigurationPlatforms) = preSolution
		Debug|Any CPU = Debug|Any CPU
		Release|Any CPU = Release|Any CPU
	EndGlobalSection
	GlobalSection(ProjectConfigurationPlatforms) = postSolution
		{8DB0FF14-4C37-4767-8080-689FC28E99A1}.Debug|Any CPU.ActiveCfg = Debug|Any CPU
		{8DB0FF14-4C37-4767-8080-689FC28E99A1}.Debug|Any CPU.Build.0 = Debug|Any CPU
		{8DB0FF14-4C37-4767-8080-689FC28E99A1}.Release|Any CPU.ActiveCfg = Release|Any CPU
		{8DB0FF14-4C37-4767-8080-689FC28E99A1}.Release|Any CPU.Build.0 = Release|Any CPU
	EndGlobalSection
	GlobalSection(SolutionProperties) = preSolution
		HideSolutionNode = FALSE
	EndGlobalSection
EndGlobal
