
Microsoft Visual Studio Solution File, Format Version 11.00
# Visual Studio 2010
Project("{FAE04EC0-301F-11D3-BF4B-00C04F79EFBC}") = "Contribution.CompositeC1Contrib.Core", "Contribution.CompositeC1Contrib.Core.csproj", "{A510AE63-1DF7-4CE3-B0AB-FB4660549117}"
EndProject
Global
	GlobalSection(TeamFoundationVersionControl) = preSolution
		SccNumberOfProjects = 2
		SccEnterpriseProvider = {4CA58AB2-18FA-4F8D-95D4-32DDF27D184C}
		SccTeamFoundationServer = http://core03:8080/tfs/compositecore03
		SccLocalPath0 = .
		SccProjectUniqueName1 = Contribution.CompositeC1Contrib.Core.csproj
		SccLocalPath1 = .
	EndGlobalSection
	GlobalSection(SolutionConfigurationPlatforms) = preSolution
		Debug|Any CPU = Debug|Any CPU
		Release|Any CPU = Release|Any CPU
	EndGlobalSection
	GlobalSection(ProjectConfigurationPlatforms) = postSolution
		{A510AE63-1DF7-4CE3-B0AB-FB4660549117}.Debug|Any CPU.ActiveCfg = Debug|Any CPU
		{A510AE63-1DF7-4CE3-B0AB-FB4660549117}.Debug|Any CPU.Build.0 = Debug|Any CPU
		{A510AE63-1DF7-4CE3-B0AB-FB4660549117}.Release|Any CPU.ActiveCfg = Release|Any CPU
		{A510AE63-1DF7-4CE3-B0AB-FB4660549117}.Release|Any CPU.Build.0 = Release|Any CPU
	EndGlobalSection
	GlobalSection(SolutionProperties) = preSolution
		HideSolutionNode = FALSE
	EndGlobalSection
EndGlobal
