
Microsoft Visual Studio Solution File, Format Version 12.00
# Visual Studio 15
VisualStudioVersion = 15.0.26228.4
MinimumVisualStudioVersion = 10.0.40219.1
Project("{FAE04EC0-301F-11D3-BF4B-00C04F79EFBC}") = "Orckestra.Search.MediaContentIndexing", "Orckestra.Search.MediaContentIndexing\Orckestra.Search.MediaContentIndexing.csproj", "{D6CACDC2-2F19-4472-A611-2BC6AD4B95E0}"
EndProject
Project("{FAE04EC0-301F-11D3-BF4B-00C04F79EFBC}") = "FiltDump", "FiltDump\FiltDump.csproj", "{C5DEE396-1875-49BC-A28E-B8EF0AA76BC8}"
EndProject
Project("{FAE04EC0-301F-11D3-BF4B-00C04F79EFBC}") = "Package", "Package\Package.csproj", "{83947450-FC53-4C3B-8EB3-666D530233B7}"
EndProject
Global
	GlobalSection(SolutionConfigurationPlatforms) = preSolution
		Debug|Any CPU = Debug|Any CPU
		Release|Any CPU = Release|Any CPU
	EndGlobalSection
	GlobalSection(ProjectConfigurationPlatforms) = postSolution
		{D6CACDC2-2F19-4472-A611-2BC6AD4B95E0}.Debug|Any CPU.ActiveCfg = Debug|Any CPU
		{D6CACDC2-2F19-4472-A611-2BC6AD4B95E0}.Debug|Any CPU.Build.0 = Debug|Any CPU
		{D6CACDC2-2F19-4472-A611-2BC6AD4B95E0}.Release|Any CPU.ActiveCfg = Release|Any CPU
		{D6CACDC2-2F19-4472-A611-2BC6AD4B95E0}.Release|Any CPU.Build.0 = Release|Any CPU
		{C5DEE396-1875-49BC-A28E-B8EF0AA76BC8}.Debug|Any CPU.ActiveCfg = Debug|Any CPU
		{C5DEE396-1875-49BC-A28E-B8EF0AA76BC8}.Debug|Any CPU.Build.0 = Debug|Any CPU
		{C5DEE396-1875-49BC-A28E-B8EF0AA76BC8}.Release|Any CPU.ActiveCfg = Release|Any CPU
		{C5DEE396-1875-49BC-A28E-B8EF0AA76BC8}.Release|Any CPU.Build.0 = Release|Any CPU
		{83947450-FC53-4C3B-8EB3-666D530233B7}.Debug|Any CPU.ActiveCfg = Debug|Any CPU
		{83947450-FC53-4C3B-8EB3-666D530233B7}.Debug|Any CPU.Build.0 = Debug|Any CPU
		{83947450-FC53-4C3B-8EB3-666D530233B7}.Release|Any CPU.ActiveCfg = Release|Any CPU
		{83947450-FC53-4C3B-8EB3-666D530233B7}.Release|Any CPU.Build.0 = Release|Any CPU
	EndGlobalSection
	GlobalSection(SolutionProperties) = preSolution
		HideSolutionNode = FALSE
	EndGlobalSection
EndGlobal
