
Microsoft Visual Studio Solution File, Format Version 12.00
# Visual Studio 2012
Project("{FAE04EC0-301F-11D3-BF4B-00C04F79EFBC}") = "Composite.Tools.PackageCreator", "Composite.Tools.PackageCreator\Composite.Tools.PackageCreator.csproj", "{B92A1CB9-9584-4B3E-9E53-11CA5DB74CFC}"
EndProject
Project("{FAE04EC0-301F-11D3-BF4B-00C04F79EFBC}") = "Composite.Tools.PackageCreator.Package", "Composite.Tools.PackageCreator.Package\Composite.Tools.PackageCreator.Package.csproj", "{D328F084-A38B-43A9-8B60-CEE60740DF46}"
	ProjectSection(ProjectDependencies) = postProject
		{B92A1CB9-9584-4B3E-9E53-11CA5DB74CFC} = {B92A1CB9-9584-4B3E-9E53-11CA5DB74CFC}
	EndProjectSection
EndProject
Global
	GlobalSection(TeamFoundationVersionControl) = preSolution
		SccNumberOfProjects = 3
		SccEnterpriseProvider = {4CA58AB2-18FA-4F8D-95D4-32DDF27D184C}
		SccTeamFoundationServer = http://core03:8080/tfs/compositecore03
		SccLocalPath0 = .
		SccProjectUniqueName1 = Composite.Tools.PackageCreator\\Composite.Tools.PackageCreator.csproj
		SccProjectName1 = Composite.Tools.PackageCreator
		SccLocalPath1 = Composite.Tools.PackageCreator
		SccProjectUniqueName2 = Composite.Tools.PackageCreator.Package\\Composite.Tools.PackageCreator.Package.csproj
		SccProjectName2 = Composite.Tools.PackageCreator.Package
		SccLocalPath2 = Composite.Tools.PackageCreator.Package
	EndGlobalSection
	GlobalSection(SolutionConfigurationPlatforms) = preSolution
		Debug|Any CPU = Debug|Any CPU
		Release|Any CPU = Release|Any CPU
	EndGlobalSection
	GlobalSection(ProjectConfigurationPlatforms) = postSolution
		{B92A1CB9-9584-4B3E-9E53-11CA5DB74CFC}.Debug|Any CPU.ActiveCfg = Debug|Any CPU
		{B92A1CB9-9584-4B3E-9E53-11CA5DB74CFC}.Debug|Any CPU.Build.0 = Debug|Any CPU
		{B92A1CB9-9584-4B3E-9E53-11CA5DB74CFC}.Release|Any CPU.ActiveCfg = Release|Any CPU
		{B92A1CB9-9584-4B3E-9E53-11CA5DB74CFC}.Release|Any CPU.Build.0 = Release|Any CPU
		{D328F084-A38B-43A9-8B60-CEE60740DF46}.Debug|Any CPU.ActiveCfg = Debug|Any CPU
		{D328F084-A38B-43A9-8B60-CEE60740DF46}.Debug|Any CPU.Build.0 = Debug|Any CPU
		{D328F084-A38B-43A9-8B60-CEE60740DF46}.Release|Any CPU.ActiveCfg = Release|Any CPU
		{D328F084-A38B-43A9-8B60-CEE60740DF46}.Release|Any CPU.Build.0 = Release|Any CPU
	EndGlobalSection
	GlobalSection(SolutionProperties) = preSolution
		HideSolutionNode = FALSE
	EndGlobalSection
EndGlobal
