
Microsoft Visual Studio Solution File, Format Version 12.00
# Visual Studio Version 16
VisualStudioVersion = 16.0.29613.14
MinimumVisualStudioVersion = 10.0.40219.1
Project("{FAE04EC0-301F-11D3-BF4B-00C04F79EFBC}") = "Orckestra.Web.Css.Less.Package", "Composite.Web.Css.Less.Package\Orckestra.Web.Css.Less.Package.csproj", "{F210C9A4-5DC5-4313-BCE7-769BCAE94D1C}"
EndProject
Project("{FAE04EC0-301F-11D3-BF4B-00C04F79EFBC}") = "Orckestra.Web.Css.Less", "Composite.Web.Css.Less\Orckestra.Web.Css.Less.csproj", "{63A67C65-43DA-4517-8C00-AAE5B0787E2E}"
EndProject
Global
	GlobalSection(SolutionConfigurationPlatforms) = preSolution
		Debug|Any CPU = Debug|Any CPU
		Release|Any CPU = Release|Any CPU
	EndGlobalSection
	GlobalSection(ProjectConfigurationPlatforms) = postSolution
		{F210C9A4-5DC5-4313-BCE7-769BCAE94D1C}.Debug|Any CPU.ActiveCfg = Debug|Any CPU
		{F210C9A4-5DC5-4313-BCE7-769BCAE94D1C}.Debug|Any CPU.Build.0 = Debug|Any CPU
		{F210C9A4-5DC5-4313-BCE7-769BCAE94D1C}.Release|Any CPU.ActiveCfg = Release|Any CPU
		{F210C9A4-5DC5-4313-BCE7-769BCAE94D1C}.Release|Any CPU.Build.0 = Release|Any CPU
		{63A67C65-43DA-4517-8C00-AAE5B0787E2E}.Debug|Any CPU.ActiveCfg = Debug|Any CPU
		{63A67C65-43DA-4517-8C00-AAE5B0787E2E}.Debug|Any CPU.Build.0 = Debug|Any CPU
		{63A67C65-43DA-4517-8C00-AAE5B0787E2E}.Release|Any CPU.ActiveCfg = Release|Any CPU
		{63A67C65-43DA-4517-8C00-AAE5B0787E2E}.Release|Any CPU.Build.0 = Release|Any CPU
	EndGlobalSection
	GlobalSection(SolutionProperties) = preSolution
		HideSolutionNode = FALSE
	EndGlobalSection
	GlobalSection(ExtensibilityGlobals) = postSolution
		SolutionGuid = {81B63167-548C-4297-9DB1-3BFF7ABC91B3}
	EndGlobalSection
EndGlobal
