
Microsoft Visual Studio Solution File, Format Version 11.00
# Visual Studio 2010
Project("{FAE04EC0-301F-11D3-BF4B-00C04F79EFBC}") = "Composite.StarterSite.CorporateSite.Core", "Composite.StarterSite.CorporateSite.Core\Composite.StarterSite.CorporateSite.Core.csproj", "{57E630D0-2EA4-4A6A-BC29-825F4375605D}"
EndProject
Global
	GlobalSection(TeamFoundationVersionControl) = preSolution
		SccNumberOfProjects = 2
		SccEnterpriseProvider = {4CA58AB2-18FA-4F8D-95D4-32DDF27D184C}
		SccTeamFoundationServer = http://core03:8080/tfs/compositecore03
		SccLocalPath0 = .
		SccProjectUniqueName1 = Composite.StarterSite.CorporateSite.Core\\Composite.StarterSite.CorporateSite.Core.csproj
		SccProjectName1 = Composite.StarterSite.CorporateSite.Core
		SccLocalPath1 = Composite.StarterSite.CorporateSite.Core
	EndGlobalSection
	GlobalSection(SolutionConfigurationPlatforms) = preSolution
		Debug|Any CPU = Debug|Any CPU
		Release|Any CPU = Release|Any CPU
	EndGlobalSection
	GlobalSection(ProjectConfigurationPlatforms) = postSolution
		{57E630D0-2EA4-4A6A-BC29-825F4375605D}.Debug|Any CPU.ActiveCfg = Debug|Any CPU
		{57E630D0-2EA4-4A6A-BC29-825F4375605D}.Debug|Any CPU.Build.0 = Debug|Any CPU
		{57E630D0-2EA4-4A6A-BC29-825F4375605D}.Release|Any CPU.ActiveCfg = Release|Any CPU
		{57E630D0-2EA4-4A6A-BC29-825F4375605D}.Release|Any CPU.Build.0 = Release|Any CPU
	EndGlobalSection
	GlobalSection(SolutionProperties) = preSolution
		HideSolutionNode = FALSE
	EndGlobalSection
EndGlobal
