
Microsoft Visual Studio Solution File, Format Version 12.00
# Visual Studio 2012
Project("{FAE04EC0-301F-11D3-BF4B-00C04F79EFBC}") = "Composite.Forms.Renderer", "Composite.Forms.Renderer\Composite.Forms.Renderer.csproj", "{B7E8937B-B1D7-4271-BE53-2E06D0AA9614}"
EndProject
Project("{FAE04EC0-301F-11D3-BF4B-00C04F79EFBC}") = "Composite.Forms.Renderer.Package", "Composite.Forms.Renderer.Package\Composite.Forms.Renderer.Package.csproj", "{C899A9B2-08EE-4D07-B2DD-4ABFAB444BF9}"
	ProjectSection(ProjectDependencies) = postProject
		{B7E8937B-B1D7-4271-BE53-2E06D0AA9614} = {B7E8937B-B1D7-4271-BE53-2E06D0AA9614}
	EndProjectSection
EndProject
Global
	GlobalSection(TeamFoundationVersionControl) = preSolution
		SccNumberOfProjects = 3
		SccEnterpriseProvider = {4CA58AB2-18FA-4F8D-95D4-32DDF27D184C}
		SccTeamFoundationServer = http://core03:8080/tfs/compositecore03
		SccLocalPath0 = .
		SccProjectUniqueName1 = Composite.Forms.Renderer.Package\\Composite.Forms.Renderer.Package.csproj
		SccProjectName1 = Composite.Forms.Renderer.Package
		SccLocalPath1 = Composite.Forms.Renderer.Package
		SccProjectUniqueName2 = Composite.Forms.Renderer\\Composite.Forms.Renderer.csproj
		SccProjectName2 = Composite.Forms.Renderer
		SccLocalPath2 = Composite.Forms.Renderer
	EndGlobalSection
	GlobalSection(SolutionConfigurationPlatforms) = preSolution
		Debug|Any CPU = Debug|Any CPU
		Release|Any CPU = Release|Any CPU
	EndGlobalSection
	GlobalSection(ProjectConfigurationPlatforms) = postSolution
		{B7E8937B-B1D7-4271-BE53-2E06D0AA9614}.Debug|Any CPU.ActiveCfg = Debug|Any CPU
		{B7E8937B-B1D7-4271-BE53-2E06D0AA9614}.Debug|Any CPU.Build.0 = Debug|Any CPU
		{B7E8937B-B1D7-4271-BE53-2E06D0AA9614}.Release|Any CPU.ActiveCfg = Release|Any CPU
		{B7E8937B-B1D7-4271-BE53-2E06D0AA9614}.Release|Any CPU.Build.0 = Release|Any CPU
		{C899A9B2-08EE-4D07-B2DD-4ABFAB444BF9}.Debug|Any CPU.ActiveCfg = Debug|Any CPU
		{C899A9B2-08EE-4D07-B2DD-4ABFAB444BF9}.Debug|Any CPU.Build.0 = Debug|Any CPU
		{C899A9B2-08EE-4D07-B2DD-4ABFAB444BF9}.Release|Any CPU.ActiveCfg = Release|Any CPU
		{C899A9B2-08EE-4D07-B2DD-4ABFAB444BF9}.Release|Any CPU.Build.0 = Release|Any CPU
	EndGlobalSection
	GlobalSection(SolutionProperties) = preSolution
		HideSolutionNode = FALSE
	EndGlobalSection
EndGlobal
