
Microsoft Visual Studio Solution File, Format Version 12.00
# Visual Studio 2013
VisualStudioVersion = 12.0.31101.0
MinimumVisualStudioVersion = 10.0.40219.1
Project("{FAE04EC0-301F-11D3-BF4B-00C04F79EFBC}") = "Orckestra.Search.WebsiteSearch.Package", "Orckestra.Search.WebsiteSearch.Package\Orckestra.Search.WebsiteSearch.Package.csproj", "{A5BE077C-4885-4C3B-9B79-AC7F482E9815}"
EndProject
Project("{FAE04EC0-301F-11D3-BF4B-00C04F79EFBC}") = "Orckestra.Search.WebsiteSearch", "Orckestra.Search.WebsiteSearch\Orckestra.Search.WebsiteSearch.csproj", "{1EAD3346-1809-4B68-8BD7-67EA4CC289F8}"
EndProject
Global
	GlobalSection(SolutionConfigurationPlatforms) = preSolution
		Debug|Any CPU = Debug|Any CPU
		Release|Any CPU = Release|Any CPU
	EndGlobalSection
	GlobalSection(ProjectConfigurationPlatforms) = postSolution
		{A5BE077C-4885-4C3B-9B79-AC7F482E9815}.Debug|Any CPU.ActiveCfg = Debug|Any CPU
		{A5BE077C-4885-4C3B-9B79-AC7F482E9815}.Debug|Any CPU.Build.0 = Debug|Any CPU
		{A5BE077C-4885-4C3B-9B79-AC7F482E9815}.Release|Any CPU.ActiveCfg = Release|Any CPU
		{A5BE077C-4885-4C3B-9B79-AC7F482E9815}.Release|Any CPU.Build.0 = Release|Any CPU
		{1EAD3346-1809-4B68-8BD7-67EA4CC289F8}.Debug|Any CPU.ActiveCfg = Debug|Any CPU
		{1EAD3346-1809-4B68-8BD7-67EA4CC289F8}.Debug|Any CPU.Build.0 = Debug|Any CPU
		{1EAD3346-1809-4B68-8BD7-67EA4CC289F8}.Release|Any CPU.ActiveCfg = Release|Any CPU
		{1EAD3346-1809-4B68-8BD7-67EA4CC289F8}.Release|Any CPU.Build.0 = Release|Any CPU
	EndGlobalSection
	GlobalSection(SolutionProperties) = preSolution
		HideSolutionNode = FALSE
	EndGlobalSection
EndGlobal
