
Microsoft Visual Studio Solution File, Format Version 12.00
# Visual Studio Version 16
VisualStudioVersion = 16.0.29519.181
MinimumVisualStudioVersion = 10.0.40219.1
Project("{FAE04EC0-301F-11D3-BF4B-00C04F79EFBC}") = "Orckestra.Widget.FilteredSelector.Package", "Orckestra.Widget.FilteredSelector.Package\Orckestra.Widget.FilteredSelector.Package.csproj", "{EA7B999C-24EC-4FDA-B7C1-A5AE7CD01875}"
EndProject
Project("{FAE04EC0-301F-11D3-BF4B-00C04F79EFBC}") = "Orckestra.Widget.FilteredSelector", "Orckestra.Widget.FilteredSelector\Orckestra.Widget.FilteredSelector.csproj", "{0F651FC6-F162-4FC8-AB82-901302CE2C9D}"
EndProject
Global
	GlobalSection(SolutionConfigurationPlatforms) = preSolution
		Debug|Any CPU = Debug|Any CPU
		Release|Any CPU = Release|Any CPU
	EndGlobalSection
	GlobalSection(ProjectConfigurationPlatforms) = postSolution
		{EA7B999C-24EC-4FDA-B7C1-A5AE7CD01875}.Debug|Any CPU.ActiveCfg = Debug|Any CPU
		{EA7B999C-24EC-4FDA-B7C1-A5AE7CD01875}.Debug|Any CPU.Build.0 = Debug|Any CPU
		{EA7B999C-24EC-4FDA-B7C1-A5AE7CD01875}.Release|Any CPU.ActiveCfg = Release|Any CPU
		{EA7B999C-24EC-4FDA-B7C1-A5AE7CD01875}.Release|Any CPU.Build.0 = Release|Any CPU
		{0F651FC6-F162-4FC8-AB82-901302CE2C9D}.Debug|Any CPU.ActiveCfg = Debug|Any CPU
		{0F651FC6-F162-4FC8-AB82-901302CE2C9D}.Debug|Any CPU.Build.0 = Debug|Any CPU
		{0F651FC6-F162-4FC8-AB82-901302CE2C9D}.Release|Any CPU.ActiveCfg = Release|Any CPU
		{0F651FC6-F162-4FC8-AB82-901302CE2C9D}.Release|Any CPU.Build.0 = Release|Any CPU
	EndGlobalSection
	GlobalSection(SolutionProperties) = preSolution
		HideSolutionNode = FALSE
	EndGlobalSection
	GlobalSection(ExtensibilityGlobals) = postSolution
		SolutionGuid = {AADF2AD9-411A-49F9-B9E4-4225D5289DB8}
	EndGlobalSection
EndGlobal
