
Microsoft Visual Studio Solution File, Format Version 12.00
# Visual Studio 2012
Project("{FAE04EC0-301F-11D3-BF4B-00C04F79EFBC}") = "Composite.Localization.C1Console.French", "Composite.Localization.C1Console.French\Composite.Localization.C1Console.French.csproj", "{1CA537AC-F896-455F-A9EB-82103F0EDDC0}"
EndProject
Global
	GlobalSection(TeamFoundationVersionControl) = preSolution
		SccNumberOfProjects = 2
		SccEnterpriseProvider = {4CA58AB2-18FA-4F8D-95D4-32DDF27D184C}
		SccTeamFoundationServer = http://core03:8080/tfs/compositecore03
		SccLocalPath0 = .
		SccProjectUniqueName1 = Composite.Localization.C1Console.French\\Composite.Localization.C1Console.French.csproj
		SccProjectName1 = Composite.Localization.C1Console.French
		SccLocalPath1 = Composite.Localization.C1Console.French
	EndGlobalSection
	GlobalSection(SolutionConfigurationPlatforms) = preSolution
		Debug|Any CPU = Debug|Any CPU
		Release|Any CPU = Release|Any CPU
	EndGlobalSection
	GlobalSection(ProjectConfigurationPlatforms) = postSolution
		{1CA537AC-F896-455F-A9EB-82103F0EDDC0}.Debug|Any CPU.ActiveCfg = Debug|Any CPU
		{1CA537AC-F896-455F-A9EB-82103F0EDDC0}.Debug|Any CPU.Build.0 = Debug|Any CPU
		{1CA537AC-F896-455F-A9EB-82103F0EDDC0}.Release|Any CPU.ActiveCfg = Release|Any CPU
		{1CA537AC-F896-455F-A9EB-82103F0EDDC0}.Release|Any CPU.Build.0 = Release|Any CPU
	EndGlobalSection
	GlobalSection(SolutionProperties) = preSolution
		HideSolutionNode = FALSE
	EndGlobalSection
EndGlobal
